{
  "name": "@ansvar/defense-aerospace-mcp",
  "version": "1.2.0",
  "lockfileVersion": 3,
  "requires": true,
  "packages": {
    "": {
      "name": "@ansvar/defense-aerospace-mcp",
      "version": "1.2.0",
      "license": "MIT",
      "engines": {
        "node": ">=25.0.0"
      }
    }
  }
}
